
Microsoft Visual Studio Solution File, Format Version 12.00
# Visual Studio Version 16
VisualStudioVersion = 16.0.30114.105
MinimumVisualStudioVersion = 10.0.40219.1
Project("{FAE04EC0-301F-11D3-BF4B-00C04F79EFBC}") = "primes-api", "primes-api\primes-api.csproj", "{8E99BF8A-F115-4792-B859-8B48C6BDD6EF}"
EndProject
Project("{FAE04EC0-301F-11D3-BF4B-00C04F79EFBC}") = "primes-api.tests", "primes-api.tests\primes-api.tests.csproj", "{B0A8E633-52EF-495F-B24C-AD74FD280DAB}"
EndProject
Global
	GlobalSection(SolutionConfigurationPlatforms) = preSolution
		Debug|Any CPU = Debug|Any CPU
		Debug|x64 = Debug|x64
		Debug|x86 = Debug|x86
		Release|Any CPU = Release|Any CPU
		Release|x64 = Release|x64
		Release|x86 = Release|x86
	EndGlobalSection
	GlobalSection(SolutionProperties) = preSolution
		HideSolutionNode = FALSE
	EndGlobalSection
	GlobalSection(ProjectConfigurationPlatforms) = postSolution
		{8E99BF8A-F115-4792-B859-8B48C6BDD6EF}.Debug|Any CPU.ActiveCfg = Debug|Any CPU
		{8E99BF8A-F115-4792-B859-8B48C6BDD6EF}.Debug|Any CPU.Build.0 = Debug|Any CPU
		{8E99BF8A-F115-4792-B859-8B48C6BDD6EF}.Debug|x64.ActiveCfg = Debug|Any CPU
		{8E99BF8A-F115-4792-B859-8B48C6BDD6EF}.Debug|x64.Build.0 = Debug|Any CPU
		{8E99BF8A-F115-4792-B859-8B48C6BDD6EF}.Debug|x86.ActiveCfg = Debug|Any CPU
		{8E99BF8A-F115-4792-B859-8B48C6BDD6EF}.Debug|x86.Build.0 = Debug|Any CPU
		{8E99BF8A-F115-4792-B859-8B48C6BDD6EF}.Release|Any CPU.ActiveCfg = Release|Any CPU
		{8E99BF8A-F115-4792-B859-8B48C6BDD6EF}.Release|Any CPU.Build.0 = Release|Any CPU
		{8E99BF8A-F115-4792-B859-8B48C6BDD6EF}.Release|x64.ActiveCfg = Release|Any CPU
		{8E99BF8A-F115-4792-B859-8B48C6BDD6EF}.Release|x64.Build.0 = Release|Any CPU
		{8E99BF8A-F115-4792-B859-8B48C6BDD6EF}.Release|x86.ActiveCfg = Release|Any CPU
		{8E99BF8A-F115-4792-B859-8B48C6BDD6EF}.Release|x86.Build.0 = Release|Any CPU
		{B0A8E633-52EF-495F-B24C-AD74FD280DAB}.Debug|Any CPU.ActiveCfg = Debug|Any CPU
		{B0A8E633-52EF-495F-B24C-AD74FD280DAB}.Debug|Any CPU.Build.0 = Debug|Any CPU
		{B0A8E633-52EF-495F-B24C-AD74FD280DAB}.Debug|x64.ActiveCfg = Debug|Any CPU
		{B0A8E633-52EF-495F-B24C-AD74FD280DAB}.Debug|x64.Build.0 = Debug|Any CPU
		{B0A8E633-52EF-495F-B24C-AD74FD280DAB}.Debug|x86.ActiveCfg = Debug|Any CPU
		{B0A8E633-52EF-495F-B24C-AD74FD280DAB}.Debug|x86.Build.0 = Debug|Any CPU
		{B0A8E633-52EF-495F-B24C-AD74FD280DAB}.Release|Any CPU.ActiveCfg = Release|Any CPU
		{B0A8E633-52EF-495F-B24C-AD74FD280DAB}.Release|Any CPU.Build.0 = Release|Any CPU
		{B0A8E633-52EF-495F-B24C-AD74FD280DAB}.Release|x64.ActiveCfg = Release|Any CPU
		{B0A8E633-52EF-495F-B24C-AD74FD280DAB}.Release|x64.Build.0 = Release|Any CPU
		{B0A8E633-52EF-495F-B24C-AD74FD280DAB}.Release|x86.ActiveCfg = Release|Any CPU
		{B0A8E633-52EF-495F-B24C-AD74FD280DAB}.Release|x86.Build.0 = Release|Any CPU
	EndGlobalSection
EndGlobal
